
Microsoft Visual Studio Solution File, Format Version 12.00
# Visual Studio 15
VisualStudioVersion = 15.0.27703.2042
MinimumVisualStudioVersion = 10.0.40219.1
Project("{9A19103F-16F7-4668-BE54-9A1E7A4F7556}") = "taskiiApp", "taskiiApp.csproj", "{99EF2179-BA31-4E71-8FC2-1FA5EB0A9188}"
EndProject
Global
	GlobalSection(SolutionConfigurationPlatforms) = preSolution
		Debug|Any CPU = Debug|Any CPU
		Release|Any CPU = Release|Any CPU
	EndGlobalSection
	GlobalSection(ProjectConfigurationPlatforms) = postSolution
		{99EF2179-BA31-4E71-8FC2-1FA5EB0A9188}.Debug|Any CPU.ActiveCfg = Debug|Any CPU
		{99EF2179-BA31-4E71-8FC2-1FA5EB0A9188}.Debug|Any CPU.Build.0 = Debug|Any CPU
		{99EF2179-BA31-4E71-8FC2-1FA5EB0A9188}.Release|Any CPU.ActiveCfg = Release|Any CPU
		{99EF2179-BA31-4E71-8FC2-1FA5EB0A9188}.Release|Any CPU.Build.0 = Release|Any CPU
	EndGlobalSection
	GlobalSection(SolutionProperties) = preSolution
		HideSolutionNode = FALSE
	EndGlobalSection
	GlobalSection(ExtensibilityGlobals) = postSolution
		SolutionGuid = {D15FAED5-FB95-4C75-8D07-8CD82CD1A7FA}
	EndGlobalSection
EndGlobal
